
Microsoft Visual Studio Solution File, Format Version 12.00
# Visual Studio Version 17
VisualStudioVersion = 17.9.34902.65
MinimumVisualStudioVersion = 10.0.40219.1
Project("{FAE04EC0-301F-11D3-BF4B-00C04F79EFBC}") = "lab_04", "lab_04.csproj", "{D3BDE0B8-CD04-4281-9B3E-94A70FC5669E}"
EndProject
Global
	GlobalSection(SolutionConfigurationPlatforms) = preSolution
		Debug|Any CPU = Debug|Any CPU
		Release|Any CPU = Release|Any CPU
	EndGlobalSection
	GlobalSection(ProjectConfigurationPlatforms) = postSolution
		{D3BDE0B8-CD04-4281-9B3E-94A70FC5669E}.Debug|Any CPU.ActiveCfg = Debug|Any CPU
		{D3BDE0B8-CD04-4281-9B3E-94A70FC5669E}.Debug|Any CPU.Build.0 = Debug|Any CPU
		{D3BDE0B8-CD04-4281-9B3E-94A70FC5669E}.Release|Any CPU.ActiveCfg = Release|Any CPU
		{D3BDE0B8-CD04-4281-9B3E-94A70FC5669E}.Release|Any CPU.Build.0 = Release|Any CPU
	EndGlobalSection
	GlobalSection(SolutionProperties) = preSolution
		HideSolutionNode = FALSE
	EndGlobalSection
	GlobalSection(ExtensibilityGlobals) = postSolution
		SolutionGuid = {CBFEDA24-A126-4C9A-A2F4-D56C0B2DF559}
	EndGlobalSection
EndGlobal
