
Microsoft Visual Studio Solution File, Format Version 12.00
# Visual Studio Version 17
VisualStudioVersion = 17.9.34902.65
MinimumVisualStudioVersion = 10.0.40219.1
Project("{FAE04EC0-301F-11D3-BF4B-00C04F79EFBC}") = "lab_05", "lab_05.csproj", "{78D21DFD-962C-4017-8798-25F916C8ED22}"
EndProject
Global
	GlobalSection(SolutionConfigurationPlatforms) = preSolution
		Debug|Any CPU = Debug|Any CPU
		Release|Any CPU = Release|Any CPU
	EndGlobalSection
	GlobalSection(ProjectConfigurationPlatforms) = postSolution
		{78D21DFD-962C-4017-8798-25F916C8ED22}.Debug|Any CPU.ActiveCfg = Debug|Any CPU
		{78D21DFD-962C-4017-8798-25F916C8ED22}.Debug|Any CPU.Build.0 = Debug|Any CPU
		{78D21DFD-962C-4017-8798-25F916C8ED22}.Release|Any CPU.ActiveCfg = Release|Any CPU
		{78D21DFD-962C-4017-8798-25F916C8ED22}.Release|Any CPU.Build.0 = Release|Any CPU
	EndGlobalSection
	GlobalSection(SolutionProperties) = preSolution
		HideSolutionNode = FALSE
	EndGlobalSection
	GlobalSection(ExtensibilityGlobals) = postSolution
		SolutionGuid = {A2F4E8C2-2178-467C-B768-1DE95BECC5E3}
	EndGlobalSection
EndGlobal
