
Microsoft Visual Studio Solution File, Format Version 12.00
# Visual Studio Version 17
VisualStudioVersion = 17.9.34902.65
MinimumVisualStudioVersion = 10.0.40219.1
Project("{FAE04EC0-301F-11D3-BF4B-00C04F79EFBC}") = "File_with_object", "File_with_object.csproj", "{44D599C5-9567-4E11-AEF8-3C9C4541B28E}"
EndProject
Global
	GlobalSection(SolutionConfigurationPlatforms) = preSolution
		Debug|Any CPU = Debug|Any CPU
		Release|Any CPU = Release|Any CPU
	EndGlobalSection
	GlobalSection(ProjectConfigurationPlatforms) = postSolution
		{44D599C5-9567-4E11-AEF8-3C9C4541B28E}.Debug|Any CPU.ActiveCfg = Debug|Any CPU
		{44D599C5-9567-4E11-AEF8-3C9C4541B28E}.Debug|Any CPU.Build.0 = Debug|Any CPU
		{44D599C5-9567-4E11-AEF8-3C9C4541B28E}.Release|Any CPU.ActiveCfg = Release|Any CPU
		{44D599C5-9567-4E11-AEF8-3C9C4541B28E}.Release|Any CPU.Build.0 = Release|Any CPU
	EndGlobalSection
	GlobalSection(SolutionProperties) = preSolution
		HideSolutionNode = FALSE
	EndGlobalSection
	GlobalSection(ExtensibilityGlobals) = postSolution
		SolutionGuid = {6D00B146-731A-4C98-B562-774B544320B7}
	EndGlobalSection
EndGlobal
