
Microsoft Visual Studio Solution File, Format Version 12.00
# Visual Studio Version 17
VisualStudioVersion = 17.9.34902.65
MinimumVisualStudioVersion = 10.0.40219.1
Project("{FAE04EC0-301F-11D3-BF4B-00C04F79EFBC}") = "Arrays", "Arrays.csproj", "{0D08DA88-46CF-490E-8BE7-18B6691631EF}"
EndProject
Global
	GlobalSection(SolutionConfigurationPlatforms) = preSolution
		Debug|Any CPU = Debug|Any CPU
		Release|Any CPU = Release|Any CPU
	EndGlobalSection
	GlobalSection(ProjectConfigurationPlatforms) = postSolution
		{0D08DA88-46CF-490E-8BE7-18B6691631EF}.Debug|Any CPU.ActiveCfg = Debug|Any CPU
		{0D08DA88-46CF-490E-8BE7-18B6691631EF}.Debug|Any CPU.Build.0 = Debug|Any CPU
		{0D08DA88-46CF-490E-8BE7-18B6691631EF}.Release|Any CPU.ActiveCfg = Release|Any CPU
		{0D08DA88-46CF-490E-8BE7-18B6691631EF}.Release|Any CPU.Build.0 = Release|Any CPU
	EndGlobalSection
	GlobalSection(SolutionProperties) = preSolution
		HideSolutionNode = FALSE
	EndGlobalSection
	GlobalSection(ExtensibilityGlobals) = postSolution
		SolutionGuid = {39628279-36B9-4284-9DE7-88679FE2E922}
	EndGlobalSection
EndGlobal
