
Microsoft Visual Studio Solution File, Format Version 12.00
# Visual Studio Version 17
VisualStudioVersion = 17.9.34902.65
MinimumVisualStudioVersion = 10.0.40219.1
Project("{FAE04EC0-301F-11D3-BF4B-00C04F79EFBC}") = "File_with_append_object", "File_with_append_object.csproj", "{75D63DB4-564C-411E-AC81-BE2C056062C8}"
EndProject
Global
	GlobalSection(SolutionConfigurationPlatforms) = preSolution
		Debug|Any CPU = Debug|Any CPU
		Release|Any CPU = Release|Any CPU
	EndGlobalSection
	GlobalSection(ProjectConfigurationPlatforms) = postSolution
		{75D63DB4-564C-411E-AC81-BE2C056062C8}.Debug|Any CPU.ActiveCfg = Debug|Any CPU
		{75D63DB4-564C-411E-AC81-BE2C056062C8}.Debug|Any CPU.Build.0 = Debug|Any CPU
		{75D63DB4-564C-411E-AC81-BE2C056062C8}.Release|Any CPU.ActiveCfg = Release|Any CPU
		{75D63DB4-564C-411E-AC81-BE2C056062C8}.Release|Any CPU.Build.0 = Release|Any CPU
	EndGlobalSection
	GlobalSection(SolutionProperties) = preSolution
		HideSolutionNode = FALSE
	EndGlobalSection
	GlobalSection(ExtensibilityGlobals) = postSolution
		SolutionGuid = {88B5B38D-2B77-4E77-965B-E1FBB1DA9510}
	EndGlobalSection
EndGlobal
