
Microsoft Visual Studio Solution File, Format Version 12.00
# Visual Studio Version 17
VisualStudioVersion = 17.9.34902.65
MinimumVisualStudioVersion = 10.0.40219.1
Project("{FAE04EC0-301F-11D3-BF4B-00C04F79EFBC}") = "Lab_03", "Lab_03.csproj", "{EAC90CD4-00CF-45BF-86B8-1A843A5E1E6B}"
EndProject
Global
	GlobalSection(SolutionConfigurationPlatforms) = preSolution
		Debug|Any CPU = Debug|Any CPU
		Release|Any CPU = Release|Any CPU
	EndGlobalSection
	GlobalSection(ProjectConfigurationPlatforms) = postSolution
		{EAC90CD4-00CF-45BF-86B8-1A843A5E1E6B}.Debug|Any CPU.ActiveCfg = Debug|Any CPU
		{EAC90CD4-00CF-45BF-86B8-1A843A5E1E6B}.Debug|Any CPU.Build.0 = Debug|Any CPU
		{EAC90CD4-00CF-45BF-86B8-1A843A5E1E6B}.Release|Any CPU.ActiveCfg = Release|Any CPU
		{EAC90CD4-00CF-45BF-86B8-1A843A5E1E6B}.Release|Any CPU.Build.0 = Release|Any CPU
	EndGlobalSection
	GlobalSection(SolutionProperties) = preSolution
		HideSolutionNode = FALSE
	EndGlobalSection
	GlobalSection(ExtensibilityGlobals) = postSolution
		SolutionGuid = {E4C980AF-0DA0-457F-97EA-EA1E19FAF5AE}
	EndGlobalSection
EndGlobal
